// !$*UTF8*$!
{
	archiveVersion = 1;
	classes = {
	};
	objectVersion = 55;
	objects = {

/* Begin PBXBuildFile section */
		0118F96928C874E0000C9684 /* AppDelegate.swift in Sources */ = {isa = PBXBuildFile; fileRef = 0118F96828C874E0000C9684 /* AppDelegate.swift */; };
		0118F96B28C874E0000C9684 /* SceneDelegate.swift in Sources */ = {isa = PBXBuildFile; fileRef = 0118F96A28C874E0000C9684 /* SceneDelegate.swift */; };
		0118F97028C874E0000C9684 /* Main.storyboard in Resources */ = {isa = PBXBuildFile; fileRef = 0118F96E28C874E0000C9684 /* Main.storyboard */; };
		0118F97228C874E1000C9684 /* Assets.xcassets in Resources */ = {isa = PBXBuildFile; fileRef = 0118F97128C874E1000C9684 /* Assets.xcassets */; };
		0118F97528C874E1000C9684 /* LaunchScreen.storyboard in Resources */ = {isa = PBXBuildFile; fileRef = 0118F97328C874E1000C9684 /* LaunchScreen.storyboard */; };
		0118F98028C874E1000C9684 /* MyfirstProjectTests.swift in Sources */ = {isa = PBXBuildFile; fileRef = 0118F97F28C874E1000C9684 /* MyfirstProjectTests.swift */; };
		0118F98A28C874E1000C9684 /* MyfirstProjectUITests.swift in Sources */ = {isa = PBXBuildFile; fileRef = 0118F98928C874E1000C9684 /* MyfirstProjectUITests.swift */; };
		0118F98C28C874E1000C9684 /* MyfirstProjectUITestsLaunchTests.swift in Sources */ = {isa = PBXBuildFile; fileRef = 0118F98B28C874E1000C9684 /* MyfirstProjectUITestsLaunchTests.swift */; };
		011C0DF428D6B5AD0022C912 /* Mirco.swift in Sources */ = {isa = PBXBuildFile; fileRef = 011C0DF328D6B5AD0022C912 /* Mirco.swift */; };
		011C0DF628D6B5D60022C912 /* Airfryer.swift in Sources */ = {isa = PBXBuildFile; fileRef = 011C0DF528D6B5D60022C912 /* Airfryer.swift */; };
		01216CF928D018C400B2EFA8 /* MyfirstProjectViewController.swift in Sources */ = {isa = PBXBuildFile; fileRef = 01216CF828D018C400B2EFA8 /* MyfirstProjectViewController.swift */; };
		01292E1728E0468600F5F35F /* GoogleService-Info.plist in Resources */ = {isa = PBXBuildFile; fileRef = 01292E1628E0468600F5F35F /* GoogleService-Info.plist */; };
		01292E1A28E05EA500F5F35F /* FirebaseAnalytics in Frameworks */ = {isa = PBXBuildFile; productRef = 01292E1928E05EA500F5F35F /* FirebaseAnalytics */; };
		0136274628E022530031045F /* TimerVC.swift in Sources */ = {isa = PBXBuildFile; fileRef = 0136274528E022530031045F /* TimerVC.swift */; };
		0136274C28E0254E0031045F /* TimerVC+Ext.swift in Sources */ = {isa = PBXBuildFile; fileRef = 0136274B28E0254E0031045F /* TimerVC+Ext.swift */; };
		0136274E28E025B20031045F /* TimeConversions.swift in Sources */ = {isa = PBXBuildFile; fileRef = 0136274D28E025B20031045F /* TimeConversions.swift */; };
		0136275028E025B90031045F /* Alerts.swift in Sources */ = {isa = PBXBuildFile; fileRef = 0136274F28E025B90031045F /* Alerts.swift */; };
		0148817928EA94D200C22FF0 /* AirFryerViewController.swift in Sources */ = {isa = PBXBuildFile; fileRef = 0148817828EA94D200C22FF0 /* AirFryerViewController.swift */; };
		0148817D28EA970A00C22FF0 /* AirFryerCollectionViewCell.swift in Sources */ = {isa = PBXBuildFile; fileRef = 0148817C28EA970A00C22FF0 /* AirFryerCollectionViewCell.swift */; };
		014D701F28E295210066A1FD /* SwiftUIView.swift in Sources */ = {isa = PBXBuildFile; fileRef = 014D701E28E295210066A1FD /* SwiftUIView.swift */; };
		014DC8BF28E1611000F76E17 /* FirebaseAnalytics in Frameworks */ = {isa = PBXBuildFile; productRef = 014DC8BE28E1611000F76E17 /* FirebaseAnalytics */; };
		014DC8C128E1611000F76E17 /* FirebaseAnalyticsOnDeviceConversion in Frameworks */ = {isa = PBXBuildFile; productRef = 014DC8C028E1611000F76E17 /* FirebaseAnalyticsOnDeviceConversion */; };
		014DC8C328E1611000F76E17 /* FirebaseAnalyticsSwift in Frameworks */ = {isa = PBXBuildFile; productRef = 014DC8C228E1611000F76E17 /* FirebaseAnalyticsSwift */; };
		014DC8C528E1611000F76E17 /* FirebaseAnalyticsWithoutAdIdSupport in Frameworks */ = {isa = PBXBuildFile; productRef = 014DC8C428E1611000F76E17 /* FirebaseAnalyticsWithoutAdIdSupport */; };
		014DC8C728E1611000F76E17 /* FirebaseAppCheck in Frameworks */ = {isa = PBXBuildFile; productRef = 014DC8C628E1611000F76E17 /* FirebaseAppCheck */; };
		014DC8C928E1611000F76E17 /* FirebaseAppDistribution-Beta in Frameworks */ = {isa = PBXBuildFile; productRef = 014DC8C828E1611000F76E17 /* FirebaseAppDistribution-Beta */; };
		014DC8CB28E1611000F76E17 /* FirebaseAuth in Frameworks */ = {isa = PBXBuildFile; productRef = 014DC8CA28E1611000F76E17 /* FirebaseAuth */; };
		014DC8CD28E1611000F76E17 /* FirebaseDatabase in Frameworks */ = {isa = PBXBuildFile; productRef = 014DC8CC28E1611000F76E17 /* FirebaseDatabase */; };
		014DC8CF28E1611000F76E17 /* FirebaseDatabaseSwift in Frameworks */ = {isa = PBXBuildFile; productRef = 014DC8CE28E1611000F76E17 /* FirebaseDatabaseSwift */; };
		014DC8D128E1611000F76E17 /* FirebaseFirestore in Frameworks */ = {isa = PBXBuildFile; productRef = 014DC8D028E1611000F76E17 /* FirebaseFirestore */; };
		014DC8D328E1611000F76E17 /* FirebaseFirestoreCombine-Community in Frameworks */ = {isa = PBXBuildFile; productRef = 014DC8D228E1611000F76E17 /* FirebaseFirestoreCombine-Community */; };
		014DC8D528E1611000F76E17 /* FirebaseFirestoreSwift in Frameworks */ = {isa = PBXBuildFile; productRef = 014DC8D428E1611000F76E17 /* FirebaseFirestoreSwift */; };
		014DC8D728E1611000F76E17 /* FirebasePerformance in Frameworks */ = {isa = PBXBuildFile; productRef = 014DC8D628E1611000F76E17 /* FirebasePerformance */; };
		014DC8D928E1611000F76E17 /* FirebaseStorage in Frameworks */ = {isa = PBXBuildFile; productRef = 014DC8D828E1611000F76E17 /* FirebaseStorage */; };
		014DC8DC28E1624E00F76E17 /* boardViewController.swift in Sources */ = {isa = PBXBuildFile; fileRef = 014DC8DB28E1624E00F76E17 /* boardViewController.swift */; };
		0153F03B28DB215B00AF9F5A /* MicroCollectionViewCell.swift in Sources */ = {isa = PBXBuildFile; fileRef = 0153F03A28DB215B00AF9F5A /* MicroCollectionViewCell.swift */; };
/* End PBXBuildFile section */

/* Begin PBXContainerItemProxy section */
		0118F97C28C874E1000C9684 /* PBXContainerItemProxy */ = {
			isa = PBXContainerItemProxy;
			containerPortal = 0118F95D28C874E0000C9684 /* Project object */;
			proxyType = 1;
			remoteGlobalIDString = 0118F96428C874E0000C9684;
			remoteInfo = MyfirstProject;
		};
		0118F98628C874E1000C9684 /* PBXContainerItemProxy */ = {
			isa = PBXContainerItemProxy;
			containerPortal = 0118F95D28C874E0000C9684 /* Project object */;
			proxyType = 1;
			remoteGlobalIDString = 0118F96428C874E0000C9684;
			remoteInfo = MyfirstProject;
		};
/* End PBXContainerItemProxy section */

/* Begin PBXFileReference section */
		0118F96528C874E0000C9684 /* MyfirstProject.app */ = {isa = PBXFileReference; explicitFileType = wrapper.application; includeInIndex = 0; path = MyfirstProject.app; sourceTree = BUILT_PRODUCTS_DIR; };
		0118F96828C874E0000C9684 /* AppDelegate.swift */ = {isa = PBXFileReference; lastKnownFileType = sourcecode.swift; path = AppDelegate.swift; sourceTree = "<group>"; };
		0118F96A28C874E0000C9684 /* SceneDelegate.swift */ = {isa = PBXFileReference; lastKnownFileType = sourcecode.swift; path = SceneDelegate.swift; sourceTree = "<group>"; };
		0118F96F28C874E0000C9684 /* Base */ = {isa = PBXFileReference; lastKnownFileType = file.storyboard; name = Base; path = Base.lproj/Main.storyboard; sourceTree = "<group>"; };
		0118F97128C874E1000C9684 /* Assets.xcassets */ = {isa = PBXFileReference; lastKnownFileType = folder.assetcatalog; path = Assets.xcassets; sourceTree = "<group>"; };
		0118F97428C874E1000C9684 /* Base */ = {isa = PBXFileReference; lastKnownFileType = file.storyboard; name = Base; path = Base.lproj/LaunchScreen.storyboard; sourceTree = "<group>"; };
		0118F97628C874E1000C9684 /* Info.plist */ = {isa = PBXFileReference; lastKnownFileType = text.plist.xml; path = Info.plist; sourceTree = "<group>"; };
		0118F97B28C874E1000C9684 /* MyfirstProjectTests.xctest */ = {isa = PBXFileReference; explicitFileType = wrapper.cfbundle; includeInIndex = 0; path = MyfirstProjectTests.xctest; sourceTree = BUILT_PRODUCTS_DIR; };
		0118F97F28C874E1000C9684 /* MyfirstProjectTests.swift */ = {isa = PBXFileReference; lastKnownFileType = sourcecode.swift; path = MyfirstProjectTests.swift; sourceTree = "<group>"; };
		0118F98528C874E1000C9684 /* MyfirstProjectUITests.xctest */ = {isa = PBXFileReference; explicitFileType = wrapper.cfbundle; includeInIndex = 0; path = MyfirstProjectUITests.xctest; sourceTree = BUILT_PRODUCTS_DIR; };
		0118F98928C874E1000C9684 /* MyfirstProjectUITests.swift */ = {isa = PBXFileReference; lastKnownFileType = sourcecode.swift; path = MyfirstProjectUITests.swift; sourceTree = "<group>"; };
		0118F98B28C874E1000C9684 /* MyfirstProjectUITestsLaunchTests.swift */ = {isa = PBXFileReference; lastKnownFileType = sourcecode.swift; path = MyfirstProjectUITestsLaunchTests.swift; sourceTree = "<group>"; };
		011C0DF328D6B5AD0022C912 /* Mirco.swift */ = {isa = PBXFileReference; lastKnownFileType = sourcecode.swift; path = Mirco.swift; sourceTree = "<group>"; };
		011C0DF528D6B5D60022C912 /* Airfryer.swift */ = {isa = PBXFileReference; lastKnownFileType = sourcecode.swift; path = Airfryer.swift; sourceTree = "<group>"; };
		01216CF828D018C400B2EFA8 /* MyfirstProjectViewController.swift */ = {isa = PBXFileReference; lastKnownFileType = sourcecode.swift; path = MyfirstProjectViewController.swift; sourceTree = "<group>"; };
		01292E1628E0468600F5F35F /* GoogleService-Info.plist */ = {isa = PBXFileReference; fileEncoding = 4; lastKnownFileType = text.plist.xml; path = "GoogleService-Info.plist"; sourceTree = "<group>"; };
		0136274528E022530031045F /* TimerVC.swift */ = {isa = PBXFileReference; lastKnownFileType = sourcecode.swift; path = TimerVC.swift; sourceTree = "<group>"; };
		0136274B28E0254E0031045F /* TimerVC+Ext.swift */ = {isa = PBXFileReference; fileEncoding = 4; lastKnownFileType = sourcecode.swift; name = "TimerVC+Ext.swift"; path = "../../../Downloads/timer/timer/TimerVC+Ext.swift"; sourceTree = "<group>"; };
		0136274D28E025B20031045F /* TimeConversions.swift */ = {isa = PBXFileReference; fileEncoding = 4; lastKnownFileType = sourcecode.swift; path = TimeConversions.swift; sourceTree = "<group>"; };
		0136274F28E025B90031045F /* Alerts.swift */ = {isa = PBXFileReference; fileEncoding = 4; lastKnownFileType = sourcecode.swift; path = Alerts.swift; sourceTree = "<group>"; };
		0148817828EA94D200C22FF0 /* AirFryerViewController.swift */ = {isa = PBXFileReference; lastKnownFileType = sourcecode.swift; path = AirFryerViewController.swift; sourceTree = "<group>"; };
		0148817C28EA970A00C22FF0 /* AirFryerCollectionViewCell.swift */ = {isa = PBXFileReference; lastKnownFileType = sourcecode.swift; path = AirFryerCollectionViewCell.swift; sourceTree = "<group>"; };
		014D701E28E295210066A1FD /* SwiftUIView.swift */ = {isa = PBXFileReference; lastKnownFileType = sourcecode.swift; path = SwiftUIView.swift; sourceTree = "<group>"; };
		014DC8DB28E1624E00F76E17 /* boardViewController.swift */ = {isa = PBXFileReference; lastKnownFileType = sourcecode.swift; path = boardViewController.swift; sourceTree = "<group>"; };
		0153F03A28DB215B00AF9F5A /* MicroCollectionViewCell.swift */ = {isa = PBXFileReference; lastKnownFileType = sourcecode.swift; path = MicroCollectionViewCell.swift; sourceTree = "<group>"; };
/* End PBXFileReference section */

/* Begin PBXFrameworksBuildPhase section */
		0118F96228C874E0000C9684 /* Frameworks */ = {
			isa = PBXFrameworksBuildPhase;
			buildActionMask = 2147483647;
			files = (
				014DC8D728E1611000F76E17 /* FirebasePerformance in Frameworks */,
				014DC8CF28E1611000F76E17 /* FirebaseDatabaseSwift in Frameworks */,
				014DC8C928E1611000F76E17 /* FirebaseAppDistribution-Beta in Frameworks */,
				014DC8C328E1611000F76E17 /* FirebaseAnalyticsSwift in Frameworks */,
				014DC8C528E1611000F76E17 /* FirebaseAnalyticsWithoutAdIdSupport in Frameworks */,
				014DC8BF28E1611000F76E17 /* FirebaseAnalytics in Frameworks */,
				014DC8C128E1611000F76E17 /* FirebaseAnalyticsOnDeviceConversion in Frameworks */,
				014DC8C728E1611000F76E17 /* FirebaseAppCheck in Frameworks */,
				014DC8D928E1611000F76E17 /* FirebaseStorage in Frameworks */,
				014DC8D528E1611000F76E17 /* FirebaseFirestoreSwift in Frameworks */,
				014DC8CD28E1611000F76E17 /* FirebaseDatabase in Frameworks */,
				01292E1A28E05EA500F5F35F /* FirebaseAnalytics in Frameworks */,
				014DC8D328E1611000F76E17 /* FirebaseFirestoreCombine-Community in Frameworks */,
				014DC8D128E1611000F76E17 /* FirebaseFirestore in Frameworks */,
				014DC8CB28E1611000F76E17 /* FirebaseAuth in Frameworks */,
			);
			runOnlyForDeploymentPostprocessing = 0;
		};
		0118F97828C874E1000C9684 /* Frameworks */ = {
			isa = PBXFrameworksBuildPhase;
			buildActionMask = 2147483647;
			files = (
			);
			runOnlyForDeploymentPostprocessing = 0;
		};
		0118F98228C874E1000C9684 /* Frameworks */ = {
			isa = PBXFrameworksBuildPhase;
			buildActionMask = 2147483647;
			files = (
			);
			runOnlyForDeploymentPostprocessing = 0;
		};
/* End PBXFrameworksBuildPhase section */

/* Begin PBXGroup section */
		01158D0F28DEE5FD00ACDEC3 /* Micro */ = {
			isa = PBXGroup;
			children = (
				011C0DF328D6B5AD0022C912 /* Mirco.swift */,
				0153F03A28DB215B00AF9F5A /* MicroCollectionViewCell.swift */,
				01216CF828D018C400B2EFA8 /* MyfirstProjectViewController.swift */,
			);
			path = Micro;
			sourceTree = "<group>";
		};
		01158D1028DEE62C00ACDEC3 /* Airfryer */ = {
			isa = PBXGroup;
			children = (
				011C0DF528D6B5D60022C912 /* Airfryer.swift */,
				0148817828EA94D200C22FF0 /* AirFryerViewController.swift */,
				0148817C28EA970A00C22FF0 /* AirFryerCollectionViewCell.swift */,
			);
			path = Airfryer;
			sourceTree = "<group>";
		};
		01158D1128DEE6C200ACDEC3 /* Timer */ = {
			isa = PBXGroup;
			children = (
				0136274B28E0254E0031045F /* TimerVC+Ext.swift */,
				0136274D28E025B20031045F /* TimeConversions.swift */,
				0136274F28E025B90031045F /* Alerts.swift */,
				0136274528E022530031045F /* TimerVC.swift */,
			);
			path = Timer;
			sourceTree = "<group>";
		};
		0118F95C28C874E0000C9684 = {
			isa = PBXGroup;
			children = (
				014DC8DA28E1623900F76E17 /* borad */,
				01158D1128DEE6C200ACDEC3 /* Timer */,
				01158D0F28DEE5FD00ACDEC3 /* Micro */,
				01158D1028DEE62C00ACDEC3 /* Airfryer */,
				0118F96728C874E0000C9684 /* MyfirstProject */,
				0118F97E28C874E1000C9684 /* MyfirstProjectTests */,
				0118F98828C874E1000C9684 /* MyfirstProjectUITests */,
				0118F96628C874E0000C9684 /* Products */,
			);
			sourceTree = "<group>";
		};
		0118F96628C874E0000C9684 /* Products */ = {
			isa = PBXGroup;
			children = (
				0118F96528C874E0000C9684 /* MyfirstProject.app */,
				0118F97B28C874E1000C9684 /* MyfirstProjectTests.xctest */,
				0118F98528C874E1000C9684 /* MyfirstProjectUITests.xctest */,
			);
			name = Products;
			sourceTree = "<group>";
		};
		0118F96728C874E0000C9684 /* MyfirstProject */ = {
			isa = PBXGroup;
			children = (
				0118F96828C874E0000C9684 /* AppDelegate.swift */,
				0118F96A28C874E0000C9684 /* SceneDelegate.swift */,
				0118F96E28C874E0000C9684 /* Main.storyboard */,
				0118F97128C874E1000C9684 /* Assets.xcassets */,
				0118F97328C874E1000C9684 /* LaunchScreen.storyboard */,
				01292E1628E0468600F5F35F /* GoogleService-Info.plist */,
				0118F97628C874E1000C9684 /* Info.plist */,
			);
			path = MyfirstProject;
			sourceTree = "<group>";
		};
		0118F97E28C874E1000C9684 /* MyfirstProjectTests */ = {
			isa = PBXGroup;
			children = (
				0118F97F28C874E1000C9684 /* MyfirstProjectTests.swift */,
			);
			path = MyfirstProjectTests;
			sourceTree = "<group>";
		};
		0118F98828C874E1000C9684 /* MyfirstProjectUITests */ = {
			isa = PBXGroup;
			children = (
				0118F98928C874E1000C9684 /* MyfirstProjectUITests.swift */,
				0118F98B28C874E1000C9684 /* MyfirstProjectUITestsLaunchTests.swift */,
			);
			path = MyfirstProjectUITests;
			sourceTree = "<group>";
		};
		014DC8DA28E1623900F76E17 /* borad */ = {
			isa = PBXGroup;
			children = (
				014DC8DB28E1624E00F76E17 /* boardViewController.swift */,
				014D701E28E295210066A1FD /* SwiftUIView.swift */,
			);
			path = borad;
			sourceTree = "<group>";
		};
/* End PBXGroup section */

/* Begin PBXNativeTarget section */
		0118F96428C874E0000C9684 /* MyfirstProject */ = {
			isa = PBXNativeTarget;
			buildConfigurationList = 0118F98F28C874E1000C9684 /* Build configuration list for PBXNativeTarget "MyfirstProject" */;
			buildPhases = (
				0118F96128C874E0000C9684 /* Sources */,
				0118F96228C874E0000C9684 /* Frameworks */,
				0118F96328C874E0000C9684 /* Resources */,
			);
			buildRules = (
			);
			dependencies = (
			);
			name = MyfirstProject;
			packageProductDependencies = (
				01292E1928E05EA500F5F35F /* FirebaseAnalytics */,
				014DC8BE28E1611000F76E17 /* FirebaseAnalytics */,
				014DC8C028E1611000F76E17 /* FirebaseAnalyticsOnDeviceConversion */,
				014DC8C228E1611000F76E17 /* FirebaseAnalyticsSwift */,
				014DC8C428E1611000F76E17 /* FirebaseAnalyticsWithoutAdIdSupport */,
				014DC8C628E1611000F76E17 /* FirebaseAppCheck */,
				014DC8C828E1611000F76E17 /* FirebaseAppDistribution-Beta */,
				014DC8CA28E1611000F76E17 /* FirebaseAuth */,
				014DC8CC28E1611000F76E17 /* FirebaseDatabase */,
				014DC8CE28E1611000F76E17 /* FirebaseDatabaseSwift */,
				014DC8D028E1611000F76E17 /* FirebaseFirestore */,
				014DC8D228E1611000F76E17 /* FirebaseFirestoreCombine-Community */,
				014DC8D428E1611000F76E17 /* FirebaseFirestoreSwift */,
				014DC8D628E1611000F76E17 /* FirebasePerformance */,
				014DC8D828E1611000F76E17 /* FirebaseStorage */,
			);
			productName = MyfirstProject;
			productReference = 0118F96528C874E0000C9684 /* MyfirstProject.app */;
			productType = "com.apple.product-type.application";
		};
		0118F97A28C874E1000C9684 /* MyfirstProjectTests */ = {
			isa = PBXNativeTarget;
			buildConfigurationList = 0118F99228C874E1000C9684 /* Build configuration list for PBXNativeTarget "MyfirstProjectTests" */;
			buildPhases = (
				0118F97728C874E1000C9684 /* Sources */,
				0118F97828C874E1000C9684 /* Frameworks */,
				0118F97928C874E1000C9684 /* Resources */,
			);
			buildRules = (
			);
			dependencies = (
				0118F97D28C874E1000C9684 /* PBXTargetDependency */,
			);
			name = MyfirstProjectTests;
			productName = MyfirstProjectTests;
			productReference = 0118F97B28C874E1000C9684 /* MyfirstProjectTests.xctest */;
			productType = "com.apple.product-type.bundle.unit-test";
		};
		0118F98428C874E1000C9684 /* MyfirstProjectUITests */ = {
			isa = PBXNativeTarget;
			buildConfigurationList = 0118F99528C874E1000C9684 /* Build configuration list for PBXNativeTarget "MyfirstProjectUITests" */;
			buildPhases = (
				0118F98128C874E1000C9684 /* Sources */,
				0118F98228C874E1000C9684 /* Frameworks */,
				0118F98328C874E1000C9684 /* Resources */,
			);
			buildRules = (
			);
			dependencies = (
				0118F98728C874E1000C9684 /* PBXTargetDependency */,
			);
			name = MyfirstProjectUITests;
			productName = MyfirstProjectUITests;
			productReference = 0118F98528C874E1000C9684 /* MyfirstProjectUITests.xctest */;
			productType = "com.apple.product-type.bundle.ui-testing";
		};
/* End PBXNativeTarget section */

/* Begin PBXProject section */
		0118F95D28C874E0000C9684 /* Project object */ = {
			isa = PBXProject;
			attributes = {
				BuildIndependentTargetsInParallel = 1;
				LastSwiftUpdateCheck = 1340;
				LastUpgradeCheck = 1340;
				TargetAttributes = {
					0118F96428C874E0000C9684 = {
						CreatedOnToolsVersion = 13.4.1;
					};
					0118F97A28C874E1000C9684 = {
						CreatedOnToolsVersion = 13.4.1;
						TestTargetID = 0118F96428C874E0000C9684;
					};
					0118F98428C874E1000C9684 = {
						CreatedOnToolsVersion = 13.4.1;
						TestTargetID = 0118F96428C874E0000C9684;
					};
				};
			};
			buildConfigurationList = 0118F96028C874E0000C9684 /* Build configuration list for PBXProject "MyfirstProject" */;
			compatibilityVersion = "Xcode 13.0";
			developmentRegion = en;
			hasScannedForEncodings = 0;
			knownRegions = (
				en,
				Base,
			);
			mainGroup = 0118F95C28C874E0000C9684;
			packageReferences = (
				01292E1828E05EA500F5F35F /* XCRemoteSwiftPackageReference "firebase-ios-sdk" */,
				014DC8BD28E1611000F76E17 /* XCRemoteSwiftPackageReference "firebase-ios-sdk" */,
			);
			productRefGroup = 0118F96628C874E0000C9684 /* Products */;
			projectDirPath = "";
			projectRoot = "";
			targets = (
				0118F96428C874E0000C9684 /* MyfirstProject */,
				0118F97A28C874E1000C9684 /* MyfirstProjectTests */,
				0118F98428C874E1000C9684 /* MyfirstProjectUITests */,
			);
		};
/* End PBXProject section */

/* Begin PBXResourcesBuildPhase section */
		0118F96328C874E0000C9684 /* Resources */ = {
			isa = PBXResourcesBuildPhase;
			buildActionMask = 2147483647;
			files = (
				0118F97528C874E1000C9684 /* LaunchScreen.storyboard in Resources */,
				01292E1728E0468600F5F35F /* GoogleService-Info.plist in Resources */,
				0118F97228C874E1000C9684 /* Assets.xcassets in Resources */,
				0118F97028C874E0000C9684 /* Main.storyboard in Resources */,
			);
			runOnlyForDeploymentPostprocessing = 0;
		};
		0118F97928C874E1000C9684 /* Resources */ = {
			isa = PBXResourcesBuildPhase;
			buildActionMask = 2147483647;
			files = (
			);
			runOnlyForDeploymentPostprocessing = 0;
		};
		0118F98328C874E1000C9684 /* Resources */ = {
			isa = PBXResourcesBuildPhase;
			buildActionMask = 2147483647;
			files = (
			);
			runOnlyForDeploymentPostprocessing = 0;
		};
/* End PBXResourcesBuildPhase section */

/* Begin PBXSourcesBuildPhase section */
		0118F96128C874E0000C9684 /* Sources */ = {
			isa = PBXSourcesBuildPhase;
			buildActionMask = 2147483647;
			files = (
				0136274628E022530031045F /* TimerVC.swift in Sources */,
				011C0DF428D6B5AD0022C912 /* Mirco.swift in Sources */,
				014D701F28E295210066A1FD /* SwiftUIView.swift in Sources */,
				0136274E28E025B20031045F /* TimeConversions.swift in Sources */,
				014DC8DC28E1624E00F76E17 /* boardViewController.swift in Sources */,
				0136274C28E0254E0031045F /* TimerVC+Ext.swift in Sources */,
				01216CF928D018C400B2EFA8 /* MyfirstProjectViewController.swift in Sources */,
				0118F96928C874E0000C9684 /* AppDelegate.swift in Sources */,
				0136275028E025B90031045F /* Alerts.swift in Sources */,
				0118F96B28C874E0000C9684 /* SceneDelegate.swift in Sources */,
				011C0DF628D6B5D60022C912 /* Airfryer.swift in Sources */,
				0148817928EA94D200C22FF0 /* AirFryerViewController.swift in Sources */,
				0148817D28EA970A00C22FF0 /* AirFryerCollectionViewCell.swift in Sources */,
				0153F03B28DB215B00AF9F5A /* MicroCollectionViewCell.swift in Sources */,
			);
			runOnlyForDeploymentPostprocessing = 0;
		};
		0118F97728C874E1000C9684 /* Sources */ = {
			isa = PBXSourcesBuildPhase;
			buildActionMask = 2147483647;
			files = (
				0118F98028C874E1000C9684 /* MyfirstProjectTests.swift in Sources */,
			);
			runOnlyForDeploymentPostprocessing = 0;
		};
		0118F98128C874E1000C9684 /* Sources */ = {
			isa = PBXSourcesBuildPhase;
			buildActionMask = 2147483647;
			files = (
				0118F98A28C874E1000C9684 /* MyfirstProjectUITests.swift in Sources */,
				0118F98C28C874E1000C9684 /* MyfirstProjectUITestsLaunchTests.swift in Sources */,
			);
			runOnlyForDeploymentPostprocessing = 0;
		};
/* End PBXSourcesBuildPhase section */

/* Begin PBXTargetDependency section */
		0118F97D28C874E1000C9684 /* PBXTargetDependency */ = {
			isa = PBXTargetDependency;
			target = 0118F96428C874E0000C9684 /* MyfirstProject */;
			targetProxy = 0118F97C28C874E1000C9684 /* PBXContainerItemProxy */;
		};
		0118F98728C874E1000C9684 /* PBXTargetDependency */ = {
			isa = PBXTargetDependency;
			target = 0118F96428C874E0000C9684 /* MyfirstProject */;
			targetProxy = 0118F98628C874E1000C9684 /* PBXContainerItemProxy */;
		};
/* End PBXTargetDependency section */

/* Begin PBXVariantGroup section */
		0118F96E28C874E0000C9684 /* Main.storyboard */ = {
			isa = PBXVariantGroup;
			children = (
				0118F96F28C874E0000C9684 /* Base */,
			);
			name = Main.storyboard;
			sourceTree = "<group>";
		};
		0118F97328C874E1000C9684 /* LaunchScreen.storyboard */ = {
			isa = PBXVariantGroup;
			children = (
				0118F97428C874E1000C9684 /* Base */,
			);
			name = LaunchScreen.storyboard;
			sourceTree = "<group>";
		};
/* End PBXVariantGroup section */

/* Begin XCBuildConfiguration section */
		0118F98D28C874E1000C9684 /* Debug */ = {
			isa = XCBuildConfiguration;
			buildSettings = {
				ALWAYS_SEARCH_USER_PATHS = NO;
				CLANG_ANALYZER_NONNULL = YES;
				CLANG_ANALYZER_NUMBER_OBJECT_CONVERSION = YES_AGGRESSIVE;
				CLANG_CXX_LANGUAGE_STANDARD = "gnu++17";
				CLANG_ENABLE_MODULES = YES;
				CLANG_ENABLE_OBJC_ARC = YES;
				CLANG_ENABLE_OBJC_WEAK = YES;
				CLANG_WARN_BLOCK_CAPTURE_AUTORELEASING = YES;
				CLANG_WARN_BOOL_CONVERSION = YES;
				CLANG_WARN_COMMA = YES;
				CLANG_WARN_CONSTANT_CONVERSION = YES;
				CLANG_WARN_DEPRECATED_OBJC_IMPLEMENTATIONS = YES;
				CLANG_WARN_DIRECT_OBJC_ISA_USAGE = YES_ERROR;
				CLANG_WARN_DOCUMENTATION_COMMENTS = YES;
				CLANG_WARN_EMPTY_BODY = YES;
				CLANG_WARN_ENUM_CONVERSION = YES;
				CLANG_WARN_INFINITE_RECURSION = YES;
				CLANG_WARN_INT_CONVERSION = YES;
				CLANG_WARN_NON_LITERAL_NULL_CONVERSION = YES;
				CLANG_WARN_OBJC_IMPLICIT_RETAIN_SELF = YES;
				CLANG_WARN_OBJC_LITERAL_CONVERSION = YES;
				CLANG_WARN_OBJC_ROOT_CLASS = YES_ERROR;
				CLANG_WARN_QUOTED_INCLUDE_IN_FRAMEWORK_HEADER = YES;
				CLANG_WARN_RANGE_LOOP_ANALYSIS = YES;
				CLANG_WARN_STRICT_PROTOTYPES = YES;
				CLANG_WARN_SUSPICIOUS_MOVE = YES;
				CLANG_WARN_UNGUARDED_AVAILABILITY = YES_AGGRESSIVE;
				CLANG_WARN_UNREACHABLE_CODE = YES;
				CLANG_WARN__DUPLICATE_METHOD_MATCH = YES;
				COPY_PHASE_STRIP = NO;
				DEBUG_INFORMATION_FORMAT = dwarf;
				ENABLE_STRICT_OBJC_MSGSEND = YES;
				ENABLE_TESTABILITY = YES;
				GCC_C_LANGUAGE_STANDARD = gnu11;
				GCC_DYNAMIC_NO_PIC = NO;
				GCC_NO_COMMON_BLOCKS = YES;
				GCC_OPTIMIZATION_LEVEL = 0;
				GCC_PREPROCESSOR_DEFINITIONS = (
					"DEBUG=1",
					"$(inherited)",
				);
				GCC_WARN_64_TO_32_BIT_CONVERSION = YES;
				GCC_WARN_ABOUT_RETURN_TYPE = YES_ERROR;
				GCC_WARN_UNDECLARED_SELECTOR = YES;
				GCC_WARN_UNINITIALIZED_AUTOS = YES_AGGRESSIVE;
				GCC_WARN_UNUSED_FUNCTION = YES;
				GCC_WARN_UNUSED_VARIABLE = YES;
				IPHONEOS_DEPLOYMENT_TARGET = 15.5;
				MTL_ENABLE_DEBUG_INFO = INCLUDE_SOURCE;
				MTL_FAST_MATH = YES;
				ONLY_ACTIVE_ARCH = YES;
				SDKROOT = iphoneos;
				SWIFT_ACTIVE_COMPILATION_CONDITIONS = DEBUG;
				SWIFT_OPTIMIZATION_LEVEL = "-Onone";
			};
			name = Debug;
		};
		0118F98E28C874E1000C9684 /* Release */ = {
			isa = XCBuildConfiguration;
			buildSettings = {
				ALWAYS_SEARCH_USER_PATHS = NO;
				CLANG_ANALYZER_NONNULL = YES;
				CLANG_ANALYZER_NUMBER_OBJECT_CONVERSION = YES_AGGRESSIVE;
				CLANG_CXX_LANGUAGE_STANDARD = "gnu++17";
				CLANG_ENABLE_MODULES = YES;
				CLANG_ENABLE_OBJC_ARC = YES;
				CLANG_ENABLE_OBJC_WEAK = YES;
				CLANG_WARN_BLOCK_CAPTURE_AUTORELEASING = YES;
				CLANG_WARN_BOOL_CONVERSION = YES;
				CLANG_WARN_COMMA = YES;
				CLANG_WARN_CONSTANT_CONVERSION = YES;
				CLANG_WARN_DEPRECATED_OBJC_IMPLEMENTATIONS = YES;
				CLANG_WARN_DIRECT_OBJC_ISA_USAGE = YES_ERROR;
				CLANG_WARN_DOCUMENTATION_COMMENTS = YES;
				CLANG_WARN_EMPTY_BODY = YES;
				CLANG_WARN_ENUM_CONVERSION = YES;
				CLANG_WARN_INFINITE_RECURSION = YES;
				CLANG_WARN_INT_CONVERSION = YES;
				CLANG_WARN_NON_LITERAL_NULL_CONVERSION = YES;
				CLANG_WARN_OBJC_IMPLICIT_RETAIN_SELF = YES;
				CLANG_WARN_OBJC_LITERAL_CONVERSION = YES;
				CLANG_WARN_OBJC_ROOT_CLASS = YES_ERROR;
				CLANG_WARN_QUOTED_INCLUDE_IN_FRAMEWORK_HEADER = YES;
				CLANG_WARN_RANGE_LOOP_ANALYSIS = YES;
				CLANG_WARN_STRICT_PROTOTYPES = YES;
				CLANG_WARN_SUSPICIOUS_MOVE = YES;
				CLANG_WARN_UNGUARDED_AVAILABILITY = YES_AGGRESSIVE;
				CLANG_WARN_UNREACHABLE_CODE = YES;
				CLANG_WARN__DUPLICATE_METHOD_MATCH = YES;
				COPY_PHASE_STRIP = NO;
				DEBUG_INFORMATION_FORMAT = "dwarf-with-dsym";
				ENABLE_NS_ASSERTIONS = NO;
				ENABLE_STRICT_OBJC_MSGSEND = YES;
				GCC_C_LANGUAGE_STANDARD = gnu11;
				GCC_NO_COMMON_BLOCKS = YES;
				GCC_WARN_64_TO_32_BIT_CONVERSION = YES;
				GCC_WARN_ABOUT_RETURN_TYPE = YES_ERROR;
				GCC_WARN_UNDECLARED_SELECTOR = YES;
				GCC_WARN_UNINITIALIZED_AUTOS = YES_AGGRESSIVE;
				GCC_WARN_UNUSED_FUNCTION = YES;
				GCC_WARN_UNUSED_VARIABLE = YES;
				IPHONEOS_DEPLOYMENT_TARGET = 15.5;
				MTL_ENABLE_DEBUG_INFO = NO;
				MTL_FAST_MATH = YES;
				SDKROOT = iphoneos;
				SWIFT_COMPILATION_MODE = wholemodule;
				SWIFT_OPTIMIZATION_LEVEL = "-O";
				VALIDATE_PRODUCT = YES;
			};
			name = Release;
		};
		0118F99028C874E1000C9684 /* Debug */ = {
			isa = XCBuildConfiguration;
			buildSettings = {
				ASSETCATALOG_COMPILER_APPICON_NAME = AppIcon;
				ASSETCATALOG_COMPILER_GLOBAL_ACCENT_COLOR_NAME = AccentColor;
				CODE_SIGN_STYLE = Automatic;
				CURRENT_PROJECT_VERSION = 1;
				GENERATE_INFOPLIST_FILE = YES;
				INFOPLIST_FILE = MyfirstProject/Info.plist;
				INFOPLIST_KEY_UIApplicationSupportsIndirectInputEvents = YES;
				INFOPLIST_KEY_UILaunchStoryboardName = LaunchScreen;
				INFOPLIST_KEY_UIMainStoryboardFile = Main;
				INFOPLIST_KEY_UISupportedInterfaceOrientations_iPad = "UIInterfaceOrientationPortrait UIInterfaceOrientationPortraitUpsideDown UIInterfaceOrientationLandscapeLeft UIInterfaceOrientationLandscapeRight";
				INFOPLIST_KEY_UISupportedInterfaceOrientations_iPhone = "UIInterfaceOrientationPortrait UIInterfaceOrientationLandscapeLeft UIInterfaceOrientationLandscapeRight";
				LD_RUNPATH_SEARCH_PATHS = (
					"$(inherited)",
					"@executable_path/Frameworks",
				);
				MARKETING_VERSION = 1.0;
				PRODUCT_BUNDLE_IDENTIFIER = hello.MyfirstProject;
				PRODUCT_NAME = "$(TARGET_NAME)";
				SWIFT_EMIT_LOC_STRINGS = YES;
				SWIFT_VERSION = 5.0;
				TARGETED_DEVICE_FAMILY = "1,2";
			};
			name = Debug;
		};
		0118F99128C874E1000C9684 /* Release */ = {
			isa = XCBuildConfiguration;
			buildSettings = {
				ASSETCATALOG_COMPILER_APPICON_NAME = AppIcon;
				ASSETCATALOG_COMPILER_GLOBAL_ACCENT_COLOR_NAME = AccentColor;
				CODE_SIGN_STYLE = Automatic;
				CURRENT_PROJECT_VERSION = 1;
				GENERATE_INFOPLIST_FILE = YES;
				INFOPLIST_FILE = MyfirstProject/Info.plist;
				INFOPLIST_KEY_UIApplicationSupportsIndirectInputEvents = YES;
				INFOPLIST_KEY_UILaunchStoryboardName = LaunchScreen;
				INFOPLIST_KEY_UIMainStoryboardFile = Main;
				INFOPLIST_KEY_UISupportedInterfaceOrientations_iPad = "UIInterfaceOrientationPortrait UIInterfaceOrientationPortraitUpsideDown UIInterfaceOrientationLandscapeLeft UIInterfaceOrientationLandscapeRight";
				INFOPLIST_KEY_UISupportedInterfaceOrientations_iPhone = "UIInterfaceOrientationPortrait UIInterfaceOrientationLandscapeLeft UIInterfaceOrientationLandscapeRight";
				LD_RUNPATH_SEARCH_PATHS = (
					"$(inherited)",
					"@executable_path/Frameworks",
				);
				MARKETING_VERSION = 1.0;
				PRODUCT_BUNDLE_IDENTIFIER = hello.MyfirstProject;
				PRODUCT_NAME = "$(TARGET_NAME)";
				SWIFT_EMIT_LOC_STRINGS = YES;
				SWIFT_VERSION = 5.0;
				TARGETED_DEVICE_FAMILY = "1,2";
			};
			name = Release;
		};
		0118F99328C874E1000C9684 /* Debug */ = {
			isa = XCBuildConfiguration;
			buildSettings = {
				ALWAYS_EMBED_SWIFT_STANDARD_LIBRARIES = YES;
				BUNDLE_LOADER = "$(TEST_HOST)";
				CODE_SIGN_STYLE = Automatic;
				CURRENT_PROJECT_VERSION = 1;
				GENERATE_INFOPLIST_FILE = YES;
				IPHONEOS_DEPLOYMENT_TARGET = 15.5;
				MARKETING_VERSION = 1.0;
				PRODUCT_BUNDLE_IDENTIFIER = hello.MyfirstProjectTests;
				PRODUCT_NAME = "$(TARGET_NAME)";
				SWIFT_EMIT_LOC_STRINGS = NO;
				SWIFT_VERSION = 5.0;
				TARGETED_DEVICE_FAMILY = "1,2";
				TEST_HOST = "$(BUILT_PRODUCTS_DIR)/MyfirstProject.app/MyfirstProject";
			};
			name = Debug;
		};
		0118F99428C874E1000C9684 /* Release */ = {
			isa = XCBuildConfiguration;
			buildSettings = {
				ALWAYS_EMBED_SWIFT_STANDARD_LIBRARIES = YES;
				BUNDLE_LOADER = "$(TEST_HOST)";
				CODE_SIGN_STYLE = Automatic;
				CURRENT_PROJECT_VERSION = 1;
				GENERATE_INFOPLIST_FILE = YES;
				IPHONEOS_DEPLOYMENT_TARGET = 15.5;
				MARKETING_VERSION = 1.0;
				PRODUCT_BUNDLE_IDENTIFIER = hello.MyfirstProjectTests;
				PRODUCT_NAME = "$(TARGET_NAME)";
				SWIFT_EMIT_LOC_STRINGS = NO;
				SWIFT_VERSION = 5.0;
				TARGETED_DEVICE_FAMILY = "1,2";
				TEST_HOST = "$(BUILT_PRODUCTS_DIR)/MyfirstProject.app/MyfirstProject";
			};
			name = Release;
		};
		0118F99628C874E1000C9684 /* Debug */ = {
			isa = XCBuildConfiguration;
			buildSettings = {
				ALWAYS_EMBED_SWIFT_STANDARD_LIBRARIES = YES;
				CODE_SIGN_STYLE = Automatic;
				CURRENT_PROJECT_VERSION = 1;
				GENERATE_INFOPLIST_FILE = YES;
				MARKETING_VERSION = 1.0;
				PRODUCT_BUNDLE_IDENTIFIER = hello.MyfirstProjectUITests;
				PRODUCT_NAME = "$(TARGET_NAME)";
				SWIFT_EMIT_LOC_STRINGS = NO;
				SWIFT_VERSION = 5.0;
				TARGETED_DEVICE_FAMILY = "1,2";
				TEST_TARGET_NAME = MyfirstProject;
			};
			name = Debug;
		};
		0118F99728C874E1000C9684 /* Release */ = {
			isa = XCBuildConfiguration;
			buildSettings = {
				ALWAYS_EMBED_SWIFT_STANDARD_LIBRARIES = YES;
				CODE_SIGN_STYLE = Automatic;
				CURRENT_PROJECT_VERSION = 1;
				GENERATE_INFOPLIST_FILE = YES;
				MARKETING_VERSION = 1.0;
				PRODUCT_BUNDLE_IDENTIFIER = hello.MyfirstProjectUITests;
				PRODUCT_NAME = "$(TARGET_NAME)";
				SWIFT_EMIT_LOC_STRINGS = NO;
				SWIFT_VERSION = 5.0;
				TARGETED_DEVICE_FAMILY = "1,2";
				TEST_TARGET_NAME = MyfirstProject;
			};
			name = Release;
		};
/* End XCBuildConfiguration section */

/* Begin XCConfigurationList section */
		0118F96028C874E0000C9684 /* Build configuration list for PBXProject "MyfirstProject" */ = {
			isa = XCConfigurationList;
			buildConfigurations = (
				0118F98D28C874E1000C9684 /* Debug */,
				0118F98E28C874E1000C9684 /* Release */,
			);
			defaultConfigurationIsVisible = 0;
			defaultConfigurationName = Release;
		};
		0118F98F28C874E1000C9684 /* Build configuration list for PBXNativeTarget "MyfirstProject" */ = {
			isa = XCConfigurationList;
			buildConfigurations = (
				0118F99028C874E1000C9684 /* Debug */,
				0118F99128C874E1000C9684 /* Release */,
			);
			defaultConfigurationIsVisible = 0;
			defaultConfigurationName = Release;
		};
		0118F99228C874E1000C9684 /* Build configuration list for PBXNativeTarget "MyfirstProjectTests" */ = {
			isa = XCConfigurationList;
			buildConfigurations = (
				0118F99328C874E1000C9684 /* Debug */,
				0118F99428C874E1000C9684 /* Release */,
			);
			defaultConfigurationIsVisible = 0;
			defaultConfigurationName = Release;
		};
		0118F99528C874E1000C9684 /* Build configuration list for PBXNativeTarget "MyfirstProjectUITests" */ = {
			isa = XCConfigurationList;
			buildConfigurations = (
				0118F99628C874E1000C9684 /* Debug */,
				0118F99728C874E1000C9684 /* Release */,
			);
			defaultConfigurationIsVisible = 0;
			defaultConfigurationName = Release;
		};
/* End XCConfigurationList section */

/* Begin XCRemoteSwiftPackageReference section */
		01292E1828E05EA500F5F35F /* XCRemoteSwiftPackageReference "firebase-ios-sdk" */ = {
			isa = XCRemoteSwiftPackageReference;
			repositoryURL = "https://github.com/firebase/firebase-ios-sdk";
			requirement = {
				kind = upToNextMajorVersion;
				minimumVersion = 9.0.0;
			};
		};
		014DC8BD28E1611000F76E17 /* XCRemoteSwiftPackageReference "firebase-ios-sdk" */ = {
			isa = XCRemoteSwiftPackageReference;
			repositoryURL = "https://github.com/firebase/firebase-ios-sdk";
			requirement = {
				branch = master;
				kind = branch;
			};
		};
/* End XCRemoteSwiftPackageReference section */

/* Begin XCSwiftPackageProductDependency section */
		01292E1928E05EA500F5F35F /* FirebaseAnalytics */ = {
			isa = XCSwiftPackageProductDependency;
			package = 01292E1828E05EA500F5F35F /* XCRemoteSwiftPackageReference "firebase-ios-sdk" */;
			productName = FirebaseAnalytics;
		};
		014DC8BE28E1611000F76E17 /* FirebaseAnalytics */ = {
			isa = XCSwiftPackageProductDependency;
			package = 014DC8BD28E1611000F76E17 /* XCRemoteSwiftPackageReference "firebase-ios-sdk" */;
			productName = FirebaseAnalytics;
		};
		014DC8C028E1611000F76E17 /* FirebaseAnalyticsOnDeviceConversion */ = {
			isa = XCSwiftPackageProductDependency;
			package = 014DC8BD28E1611000F76E17 /* XCRemoteSwiftPackageReference "firebase-ios-sdk" */;
			productName = FirebaseAnalyticsOnDeviceConversion;
		};
		014DC8C228E1611000F76E17 /* FirebaseAnalyticsSwift */ = {
			isa = XCSwiftPackageProductDependency;
			package = 014DC8BD28E1611000F76E17 /* XCRemoteSwiftPackageReference "firebase-ios-sdk" */;
			productName = FirebaseAnalyticsSwift;
		};
		014DC8C428E1611000F76E17 /* FirebaseAnalyticsWithoutAdIdSupport */ = {
			isa = XCSwiftPackageProductDependency;
			package = 014DC8BD28E1611000F76E17 /* XCRemoteSwiftPackageReference "firebase-ios-sdk" */;
			productName = FirebaseAnalyticsWithoutAdIdSupport;
		};
		014DC8C628E1611000F76E17 /* FirebaseAppCheck */ = {
			isa = XCSwiftPackageProductDependency;
			package = 014DC8BD28E1611000F76E17 /* XCRemoteSwiftPackageReference "firebase-ios-sdk" */;
			productName = FirebaseAppCheck;
		};
		014DC8C828E1611000F76E17 /* FirebaseAppDistribution-Beta */ = {
			isa = XCSwiftPackageProductDependency;
			package = 014DC8BD28E1611000F76E17 /* XCRemoteSwiftPackageReference "firebase-ios-sdk" */;
			productName = "FirebaseAppDistribution-Beta";
		};
		014DC8CA28E1611000F76E17 /* FirebaseAuth */ = {
			isa = XCSwiftPackageProductDependency;
			package = 014DC8BD28E1611000F76E17 /* XCRemoteSwiftPackageReference "firebase-ios-sdk" */;
			productName = FirebaseAuth;
		};
		014DC8CC28E1611000F76E17 /* FirebaseDatabase */ = {
			isa = XCSwiftPackageProductDependency;
			package = 014DC8BD28E1611000F76E17 /* XCRemoteSwiftPackageReference "firebase-ios-sdk" */;
			productName = FirebaseDatabase;
		};
		014DC8CE28E1611000F76E17 /* FirebaseDatabaseSwift */ = {
			isa = XCSwiftPackageProductDependency;
			package = 014DC8BD28E1611000F76E17 /* XCRemoteSwiftPackageReference "firebase-ios-sdk" */;
			productName = FirebaseDatabaseSwift;
		};
		014DC8D028E1611000F76E17 /* FirebaseFirestore */ = {
			isa = XCSwiftPackageProductDependency;
			package = 014DC8BD28E1611000F76E17 /* XCRemoteSwiftPackageReference "firebase-ios-sdk" */;
			productName = FirebaseFirestore;
		};
		014DC8D228E1611000F76E17 /* FirebaseFirestoreCombine-Community */ = {
			isa = XCSwiftPackageProductDependency;
			package = 014DC8BD28E1611000F76E17 /* XCRemoteSwiftPackageReference "firebase-ios-sdk" */;
			productName = "FirebaseFirestoreCombine-Community";
		};
		014DC8D428E1611000F76E17 /* FirebaseFirestoreSwift */ = {
			isa = XCSwiftPackageProductDependency;
			package = 014DC8BD28E1611000F76E17 /* XCRemoteSwiftPackageReference "firebase-ios-sdk" */;
			productName = FirebaseFirestoreSwift;
		};
		014DC8D628E1611000F76E17 /* FirebasePerformance */ = {
			isa = XCSwiftPackageProductDependency;
			package = 014DC8BD28E1611000F76E17 /* XCRemoteSwiftPackageReference "firebase-ios-sdk" */;
			productName = FirebasePerformance;
		};
		014DC8D828E1611000F76E17 /* FirebaseStorage */ = {
			isa = XCSwiftPackageProductDependency;
			package = 014DC8BD28E1611000F76E17 /* XCRemoteSwiftPackageReference "firebase-ios-sdk" */;
			productName = FirebaseStorage;
		};
/* End XCSwiftPackageProductDependency section */
	};
	rootObject = 0118F95D28C874E0000C9684 /* Project object */;
}
